
Microsoft Visual Studio Solution File, Format Version 12.00
# Visual Studio Version 16
VisualStudioVersion = 16.0.32228.343
MinimumVisualStudioVersion = 10.0.40219.1
Project("{8BC9CEB8-8B4A-11D0-8D11-00A0C91BC942}") = "DSA Final", "DSA Final.vcxproj", "{ED5D1784-9B5A-43F8-85FF-4D2DD868B2D2}"
EndProject
Global
	GlobalSection(SolutionConfigurationPlatforms) = preSolution
		Debug|x64 = Debug|x64
		Debug|x86 = Debug|x86
		Release|x64 = Release|x64
		Release|x86 = Release|x86
	EndGlobalSection
	GlobalSection(ProjectConfigurationPlatforms) = postSolution
		{ED5D1784-9B5A-43F8-85FF-4D2DD868B2D2}.Debug|x64.ActiveCfg = Debug|x64
		{ED5D1784-9B5A-43F8-85FF-4D2DD868B2D2}.Debug|x64.Build.0 = Debug|x64
		{ED5D1784-9B5A-43F8-85FF-4D2DD868B2D2}.Debug|x86.ActiveCfg = Debug|Win32
		{ED5D1784-9B5A-43F8-85FF-4D2DD868B2D2}.Debug|x86.Build.0 = Debug|Win32
		{ED5D1784-9B5A-43F8-85FF-4D2DD868B2D2}.Release|x64.ActiveCfg = Release|x64
		{ED5D1784-9B5A-43F8-85FF-4D2DD868B2D2}.Release|x64.Build.0 = Release|x64
		{ED5D1784-9B5A-43F8-85FF-4D2DD868B2D2}.Release|x86.ActiveCfg = Release|Win32
		{ED5D1784-9B5A-43F8-85FF-4D2DD868B2D2}.Release|x86.Build.0 = Release|Win32
	EndGlobalSection
	GlobalSection(SolutionProperties) = preSolution
		HideSolutionNode = FALSE
	EndGlobalSection
	GlobalSection(ExtensibilityGlobals) = postSolution
		SolutionGuid = {256B75D5-B7CF-4EDE-9375-1285F8639E3B}
	EndGlobalSection
EndGlobal
